
Microsoft Visual Studio Solution File, Format Version 12.00
# Visual Studio Version 17
VisualStudioVersion = 17.9.34622.214
MinimumVisualStudioVersion = 10.0.40219.1
Project("{54A90642-561A-4BB1-A94E-469ADEE60C69}") = "reactjs_aspnetapi_dockerized", "ReactJs_AspNetApi_Dockerized\reactjs_aspnetapi_dockerized.esproj", "{56F67547-1C6D-443C-B620-FB8C72F16921}"
EndProject
Global
	GlobalSection(SolutionConfigurationPlatforms) = preSolution
		Debug|Any CPU = Debug|Any CPU
		Release|Any CPU = Release|Any CPU
	EndGlobalSection
	GlobalSection(ProjectConfigurationPlatforms) = postSolution
		{56F67547-1C6D-443C-B620-FB8C72F16921}.Debug|Any CPU.ActiveCfg = Debug|Any CPU
		{56F67547-1C6D-443C-B620-FB8C72F16921}.Debug|Any CPU.Build.0 = Debug|Any CPU
		{56F67547-1C6D-443C-B620-FB8C72F16921}.Debug|Any CPU.Deploy.0 = Debug|Any CPU
		{56F67547-1C6D-443C-B620-FB8C72F16921}.Release|Any CPU.ActiveCfg = Release|Any CPU
		{56F67547-1C6D-443C-B620-FB8C72F16921}.Release|Any CPU.Build.0 = Release|Any CPU
		{56F67547-1C6D-443C-B620-FB8C72F16921}.Release|Any CPU.Deploy.0 = Release|Any CPU
	EndGlobalSection
	GlobalSection(SolutionProperties) = preSolution
		HideSolutionNode = FALSE
	EndGlobalSection
	GlobalSection(ExtensibilityGlobals) = postSolution
		SolutionGuid = {79C786A5-9092-4187-A252-BB55EFFD224D}
	EndGlobalSection
EndGlobal
